{
  "name": "exp_counter",
  "lockfileVersion": 2,
  "requires": true,
  "packages": {
    "": {
      "dependencies": {
        "keyboard": "^0.0.1",
        "readline": "^1.3.0",
        "tkinter": "^0.0.2-security"
      }
    },
    "node_modules/keyboard": {
      "version": "0.0.1",
      "resolved": "https://registry.npmjs.org/keyboard/-/keyboard-0.0.1.tgz",
      "integrity": "sha1-dro7w347HYpGQ5I+Iz6Y5lFUaXc="
    },
    "node_modules/readline": {
      "version": "1.3.0",
      "resolved": "https://registry.npmjs.org/readline/-/readline-1.3.0.tgz",
      "integrity": "sha1-xYDXfvLPyHUrEySYBg3JeTp6wBw="
    },
    "node_modules/tkinter": {
      "version": "0.0.2-security",
      "resolved": "https://registry.npmjs.org/tkinter/-/tkinter-0.0.2-security.tgz",
      "integrity": "sha512-UkXsGCGdbiWduImQ2pmtU6QnHmICrD1nrEyI+Nfg85l+psxenZKGzjNs43uvNerz2qJBmIHgBmxFnHWFzXk2uw=="
    }
  },
  "dependencies": {
    "keyboard": {
      "version": "0.0.1",
      "resolved": "https://registry.npmjs.org/keyboard/-/keyboard-0.0.1.tgz",
      "integrity": "sha1-dro7w347HYpGQ5I+Iz6Y5lFUaXc="
    },
    "readline": {
      "version": "1.3.0",
      "resolved": "https://registry.npmjs.org/readline/-/readline-1.3.0.tgz",
      "integrity": "sha1-xYDXfvLPyHUrEySYBg3JeTp6wBw="
    },
    "tkinter": {
      "version": "0.0.2-security",
      "resolved": "https://registry.npmjs.org/tkinter/-/tkinter-0.0.2-security.tgz",
      "integrity": "sha512-UkXsGCGdbiWduImQ2pmtU6QnHmICrD1nrEyI+Nfg85l+psxenZKGzjNs43uvNerz2qJBmIHgBmxFnHWFzXk2uw=="
    }
  }
}
